
Microsoft Visual Studio Solution File, Format Version 12.00
# Visual Studio 15
VisualStudioVersion = 15.0.27703.2042
MinimumVisualStudioVersion = 10.0.40219.1
Project("{FAE04EC0-301F-11D3-BF4B-00C04F79EFBC}") = "WebRest", "WebRest\WebRest.csproj", "{0623FE08-566D-4447-8BDE-2884627B973A}"
EndProject
Global
	GlobalSection(SolutionConfigurationPlatforms) = preSolution
		Debug|Any CPU = Debug|Any CPU
		Release|Any CPU = Release|Any CPU
	EndGlobalSection
	GlobalSection(ProjectConfigurationPlatforms) = postSolution
		{0623FE08-566D-4447-8BDE-2884627B973A}.Debug|Any CPU.ActiveCfg = Debug|Any CPU
		{0623FE08-566D-4447-8BDE-2884627B973A}.Debug|Any CPU.Build.0 = Debug|Any CPU
		{0623FE08-566D-4447-8BDE-2884627B973A}.Release|Any CPU.ActiveCfg = Release|Any CPU
		{0623FE08-566D-4447-8BDE-2884627B973A}.Release|Any CPU.Build.0 = Release|Any CPU
	EndGlobalSection
	GlobalSection(SolutionProperties) = preSolution
		HideSolutionNode = FALSE
	EndGlobalSection
	GlobalSection(ExtensibilityGlobals) = postSolution
		SolutionGuid = {7DE1FEC9-7061-4418-A507-887E79977CE6}
	EndGlobalSection
EndGlobal
